
Microsoft Visual Studio Solution File, Format Version 12.00
# Visual Studio 15
VisualStudioVersion = 15.0.28307.572
MinimumVisualStudioVersion = 10.0.40219.1
Project("{FAE04EC0-301F-11D3-BF4B-00C04F79EFBC}") = "WebApplication3", "WebApplication3\WebApplication3.csproj", "{C042F109-479E-419A-8755-DE12270D8BD5}"
EndProject
Global
	GlobalSection(SolutionConfigurationPlatforms) = preSolution
		Debug|Any CPU = Debug|Any CPU
		Release|Any CPU = Release|Any CPU
	EndGlobalSection
	GlobalSection(ProjectConfigurationPlatforms) = postSolution
		{C042F109-479E-419A-8755-DE12270D8BD5}.Debug|Any CPU.ActiveCfg = Debug|Any CPU
		{C042F109-479E-419A-8755-DE12270D8BD5}.Debug|Any CPU.Build.0 = Debug|Any CPU
		{C042F109-479E-419A-8755-DE12270D8BD5}.Release|Any CPU.ActiveCfg = Release|Any CPU
		{C042F109-479E-419A-8755-DE12270D8BD5}.Release|Any CPU.Build.0 = Release|Any CPU
	EndGlobalSection
	GlobalSection(SolutionProperties) = preSolution
		HideSolutionNode = FALSE
	EndGlobalSection
	GlobalSection(ExtensibilityGlobals) = postSolution
		SolutionGuid = {1EEBE9AA-A32B-447D-BCB4-2250117EA78D}
	EndGlobalSection
EndGlobal
